{
  "pins" : [
    {
      "identity" : "swift-argument-parser",
      "kind" : "remoteSourceControl",
      "location" : "https://github.com/apple/swift-argument-parser",
      "state" : {
        "revision" : "df9ee6676cd5b3bf5b330ec7568a5644f547201b",
        "version" : "1.1.3"
      }
    },
    {
      "identity" : "swift-ast",
      "kind" : "remoteSourceControl",
      "location" : "https://github.com/yanagiba/swift-ast.git",
      "state" : {
        "revision" : "e8507d78b32dbd33ea5ea975bbbc82b7613870a1",
        "version" : "0.19.9"
      }
    }
  ],
  "version" : 2
}
