{
  "pins" : [
    {
      "identity" : "swift-argument-parser",
      "kind" : "remoteSourceControl",
      "location" : "https://github.com/apple/swift-argument-parser",
      "state" : {
        "revision" : "4ad606ba5d7673ea60679a61ff867cc1ff8c8e86",
        "version" : "1.2.1"
      }
    },
    {
      "identity" : "swift-ast",
      "kind" : "remoteSourceControl",
      "location" : "https://github.com/yanagiba/swift-ast.git",
      "state" : {
        "revision" : "e8507d78b32dbd33ea5ea975bbbc82b7613870a1",
        "version" : "0.19.9"
      }
    }
  ],
  "version" : 2
}
